
Microsoft Visual Studio Solution File, Format Version 12.00
# Visual Studio Version 16
VisualStudioVersion = 16.0.29911.84
MinimumVisualStudioVersion = 10.0.40219.1
Project("{FAE04EC0-301F-11D3-BF4B-00C04F79EFBC}") = "trabalho1", "trabalho1\trabalho1.csproj", "{8FD52BEB-9B79-461C-8637-A4D987057A43}"
EndProject
Global
	GlobalSection(SolutionConfigurationPlatforms) = preSolution
		Debug|Any CPU = Debug|Any CPU
		Release|Any CPU = Release|Any CPU
	EndGlobalSection
	GlobalSection(ProjectConfigurationPlatforms) = postSolution
		{8FD52BEB-9B79-461C-8637-A4D987057A43}.Debug|Any CPU.ActiveCfg = Debug|Any CPU
		{8FD52BEB-9B79-461C-8637-A4D987057A43}.Debug|Any CPU.Build.0 = Debug|Any CPU
		{8FD52BEB-9B79-461C-8637-A4D987057A43}.Release|Any CPU.ActiveCfg = Release|Any CPU
		{8FD52BEB-9B79-461C-8637-A4D987057A43}.Release|Any CPU.Build.0 = Release|Any CPU
	EndGlobalSection
	GlobalSection(SolutionProperties) = preSolution
		HideSolutionNode = FALSE
	EndGlobalSection
	GlobalSection(ExtensibilityGlobals) = postSolution
		SolutionGuid = {B7D394B0-306E-4F3C-ABFC-5A163AD9EBE9}
	EndGlobalSection
EndGlobal
